// !$*UTF8*$!
{
	archiveVersion = 1;
	classes = {
	};
	objectVersion = 77;
	objects = {

/* Begin PBXContainerItemProxy section */
		477AB44C2CE4CEFF00EEEC52 /* PBXContainerItemProxy */ = {
			isa = PBXContainerItemProxy;
			containerPortal = 477AB4332CE4CEFC00EEEC52 /* Project object */;
			proxyType = 1;
			remoteGlobalIDString = 477AB43A2CE4CEFC00EEEC52;
			remoteInfo = HW3;
		};
		477AB4562CE4CEFF00EEEC52 /* PBXContainerItemProxy */ = {
			isa = PBXContainerItemProxy;
			containerPortal = 477AB4332CE4CEFC00EEEC52 /* Project object */;
			proxyType = 1;
			remoteGlobalIDString = 477AB43A2CE4CEFC00EEEC52;
			remoteInfo = HW3;
		};
/* End PBXContainerItemProxy section */

/* Begin PBXFileReference section */
		477AB43B2CE4CEFC00EEEC52 /* HW3.app */ = {isa = PBXFileReference; explicitFileType = wrapper.application; includeInIndex = 0; path = HW3.app; sourceTree = BUILT_PRODUCTS_DIR; };
		477AB44B2CE4CEFF00EEEC52 /* HW3Tests.xctest */ = {isa = PBXFileReference; explicitFileType = wrapper.cfbundle; includeInIndex = 0; path = HW3Tests.xctest; sourceTree = BUILT_PRODUCTS_DIR; };
		477AB4552CE4CEFF00EEEC52 /* HW3UITests.xctest */ = {isa = PBXFileReference; explicitFileType = wrapper.cfbundle; includeInIndex = 0; path = HW3UITests.xctest; sourceTree = BUILT_PRODUCTS_DIR; };
/* End PBXFileReference section */

/* Begin PBXFileSystemSynchronizedBuildFileExceptionSet section */
		477AB75C2CF5B22B00EEEC52 /* Exceptions for "HW3" folder in "HW3" target */ = {
			isa = PBXFileSystemSynchronizedBuildFileExceptionSet;
			membershipExceptions = (
				Info.plist,
			);
			target = 477AB43A2CE4CEFC00EEEC52 /* HW3 */;
		};
/* End PBXFileSystemSynchronizedBuildFileExceptionSet section */

/* Begin PBXFileSystemSynchronizedRootGroup section */
		477AB43D2CE4CEFC00EEEC52 /* HW3 */ = {
			isa = PBXFileSystemSynchronizedRootGroup;
			exceptions = (
				477AB75C2CF5B22B00EEEC52 /* Exceptions for "HW3" folder in "HW3" target */,
			);
			path = HW3;
			sourceTree = "<group>";
		};
		477AB44E2CE4CEFF00EEEC52 /* HW3Tests */ = {
			isa = PBXFileSystemSynchronizedRootGroup;
			path = HW3Tests;
			sourceTree = "<group>";
		};
		477AB4582CE4CEFF00EEEC52 /* HW3UITests */ = {
			isa = PBXFileSystemSynchronizedRootGroup;
			path = HW3UITests;
			sourceTree = "<group>";
		};
/* End PBXFileSystemSynchronizedRootGroup section */

/* Begin PBXFrameworksBuildPhase section */
		477AB4382CE4CEFC00EEEC52 /* Frameworks */ = {
			isa = PBXFrameworksBuildPhase;
			buildActionMask = 2147483647;
			files = (
			);
			runOnlyForDeploymentPostprocessing = 0;
		};
		477AB4482CE4CEFF00EEEC52 /* Frameworks */ = {
			isa = PBXFrameworksBuildPhase;
			buildActionMask = 2147483647;
			files = (
			);
			runOnlyForDeploymentPostprocessing = 0;
		};
		477AB4522CE4CEFF00EEEC52 /* Frameworks */ = {
			isa = PBXFrameworksBuildPhase;
			buildActionMask = 2147483647;
			files = (
			);
			runOnlyForDeploymentPostprocessing = 0;
		};
/* End PBXFrameworksBuildPhase section */

/* Begin PBXGroup section */
		477AB4322CE4CEFC00EEEC52 = {
			isa = PBXGroup;
			children = (
				477AB43D2CE4CEFC00EEEC52 /* HW3 */,
				477AB44E2CE4CEFF00EEEC52 /* HW3Tests */,
				477AB4582CE4CEFF00EEEC52 /* HW3UITests */,
				477AB43C2CE4CEFC00EEEC52 /* Products */,
			);
			sourceTree = "<group>";
		};
		477AB43C2CE4CEFC00EEEC52 /* Products */ = {
			isa = PBXGroup;
			children = (
				477AB43B2CE4CEFC00EEEC52 /* HW3.app */,
				477AB44B2CE4CEFF00EEEC52 /* HW3Tests.xctest */,
				477AB4552CE4CEFF00EEEC52 /* HW3UITests.xctest */,
			);
			name = Products;
			sourceTree = "<group>";
		};
/* End PBXGroup section */

/* Begin PBXNativeTarget section */
		477AB43A2CE4CEFC00EEEC52 /* HW3 */ = {
			isa = PBXNativeTarget;
			buildConfigurationList = 477AB45F2CE4CEFF00EEEC52 /* Build configuration list for PBXNativeTarget "HW3" */;
			buildPhases = (
				477AB4372CE4CEFC00EEEC52 /* Sources */,
				477AB4382CE4CEFC00EEEC52 /* Frameworks */,
				477AB4392CE4CEFC00EEEC52 /* Resources */,
			);
			buildRules = (
			);
			dependencies = (
			);
			fileSystemSynchronizedGroups = (
				477AB43D2CE4CEFC00EEEC52 /* HW3 */,
			);
			name = HW3;
			packageProductDependencies = (
			);
			productName = HW3;
			productReference = 477AB43B2CE4CEFC00EEEC52 /* HW3.app */;
			productType = "com.apple.product-type.application";
		};
		477AB44A2CE4CEFF00EEEC52 /* HW3Tests */ = {
			isa = PBXNativeTarget;
			buildConfigurationList = 477AB4622CE4CEFF00EEEC52 /* Build configuration list for PBXNativeTarget "HW3Tests" */;
			buildPhases = (
				477AB4472CE4CEFF00EEEC52 /* Sources */,
				477AB4482CE4CEFF00EEEC52 /* Frameworks */,
				477AB4492CE4CEFF00EEEC52 /* Resources */,
			);
			buildRules = (
			);
			dependencies = (
				477AB44D2CE4CEFF00EEEC52 /* PBXTargetDependency */,
			);
			fileSystemSynchronizedGroups = (
				477AB44E2CE4CEFF00EEEC52 /* HW3Tests */,
			);
			name = HW3Tests;
			packageProductDependencies = (
			);
			productName = HW3Tests;
			productReference = 477AB44B2CE4CEFF00EEEC52 /* HW3Tests.xctest */;
			productType = "com.apple.product-type.bundle.unit-test";
		};
		477AB4542CE4CEFF00EEEC52 /* HW3UITests */ = {
			isa = PBXNativeTarget;
			buildConfigurationList = 477AB4652CE4CEFF00EEEC52 /* Build configuration list for PBXNativeTarget "HW3UITests" */;
			buildPhases = (
				477AB4512CE4CEFF00EEEC52 /* Sources */,
				477AB4522CE4CEFF00EEEC52 /* Frameworks */,
				477AB4532CE4CEFF00EEEC52 /* Resources */,
			);
			buildRules = (
			);
			dependencies = (
				477AB4572CE4CEFF00EEEC52 /* PBXTargetDependency */,
			);
			fileSystemSynchronizedGroups = (
				477AB4582CE4CEFF00EEEC52 /* HW3UITests */,
			);
			name = HW3UITests;
			packageProductDependencies = (
			);
			productName = HW3UITests;
			productReference = 477AB4552CE4CEFF00EEEC52 /* HW3UITests.xctest */;
			productType = "com.apple.product-type.bundle.ui-testing";
		};
/* End PBXNativeTarget section */

/* Begin PBXProject section */
		477AB4332CE4CEFC00EEEC52 /* Project object */ = {
			isa = PBXProject;
			attributes = {
				BuildIndependentTargetsInParallel = 1;
				LastSwiftUpdateCheck = 1600;
				LastUpgradeCheck = 1600;
				TargetAttributes = {
					477AB43A2CE4CEFC00EEEC52 = {
						CreatedOnToolsVersion = 16.0;
					};
					477AB44A2CE4CEFF00EEEC52 = {
						CreatedOnToolsVersion = 16.0;
						TestTargetID = 477AB43A2CE4CEFC00EEEC52;
					};
					477AB4542CE4CEFF00EEEC52 = {
						CreatedOnToolsVersion = 16.0;
						TestTargetID = 477AB43A2CE4CEFC00EEEC52;
					};
				};
			};
			buildConfigurationList = 477AB4362CE4CEFC00EEEC52 /* Build configuration list for PBXProject "HW3" */;
			developmentRegion = en;
			hasScannedForEncodings = 0;
			knownRegions = (
				en,
				Base,
			);
			mainGroup = 477AB4322CE4CEFC00EEEC52;
			minimizedProjectReferenceProxies = 1;
			preferredProjectObjectVersion = 77;
			productRefGroup = 477AB43C2CE4CEFC00EEEC52 /* Products */;
			projectDirPath = "";
			projectRoot = "";
			targets = (
				477AB43A2CE4CEFC00EEEC52 /* HW3 */,
				477AB44A2CE4CEFF00EEEC52 /* HW3Tests */,
				477AB4542CE4CEFF00EEEC52 /* HW3UITests */,
			);
		};
/* End PBXProject section */

/* Begin PBXResourcesBuildPhase section */
		477AB4392CE4CEFC00EEEC52 /* Resources */ = {
			isa = PBXResourcesBuildPhase;
			buildActionMask = 2147483647;
			files = (
			);
			runOnlyForDeploymentPostprocessing = 0;
		};
		477AB4492CE4CEFF00EEEC52 /* Resources */ = {
			isa = PBXResourcesBuildPhase;
			buildActionMask = 2147483647;
			files = (
			);
			runOnlyForDeploymentPostprocessing = 0;
		};
		477AB4532CE4CEFF00EEEC52 /* Resources */ = {
			isa = PBXResourcesBuildPhase;
			buildActionMask = 2147483647;
			files = (
			);
			runOnlyForDeploymentPostprocessing = 0;
		};
/* End PBXResourcesBuildPhase section */

/* Begin PBXSourcesBuildPhase section */
		477AB4372CE4CEFC00EEEC52 /* Sources */ = {
			isa = PBXSourcesBuildPhase;
			buildActionMask = 2147483647;
			files = (
			);
			runOnlyForDeploymentPostprocessing = 0;
		};
		477AB4472CE4CEFF00EEEC52 /* Sources */ = {
			isa = PBXSourcesBuildPhase;
			buildActionMask = 2147483647;
			files = (
			);
			runOnlyForDeploymentPostprocessing = 0;
		};
		477AB4512CE4CEFF00EEEC52 /* Sources */ = {
			isa = PBXSourcesBuildPhase;
			buildActionMask = 2147483647;
			files = (
			);
			runOnlyForDeploymentPostprocessing = 0;
		};
/* End PBXSourcesBuildPhase section */

/* Begin PBXTargetDependency section */
		477AB44D2CE4CEFF00EEEC52 /* PBXTargetDependency */ = {
			isa = PBXTargetDependency;
			target = 477AB43A2CE4CEFC00EEEC52 /* HW3 */;
			targetProxy = 477AB44C2CE4CEFF00EEEC52 /* PBXContainerItemProxy */;
		};
		477AB4572CE4CEFF00EEEC52 /* PBXTargetDependency */ = {
			isa = PBXTargetDependency;
			target = 477AB43A2CE4CEFC00EEEC52 /* HW3 */;
			targetProxy = 477AB4562CE4CEFF00EEEC52 /* PBXContainerItemProxy */;
		};
/* End PBXTargetDependency section */

/* Begin XCBuildConfiguration section */
		477AB45D2CE4CEFF00EEEC52 /* Debug */ = {
			isa = XCBuildConfiguration;
			buildSettings = {
				ALWAYS_SEARCH_USER_PATHS = NO;
				ASSETCATALOG_COMPILER_GENERATE_SWIFT_ASSET_SYMBOL_EXTENSIONS = YES;
				CLANG_ANALYZER_NONNULL = YES;
				CLANG_ANALYZER_NUMBER_OBJECT_CONVERSION = YES_AGGRESSIVE;
				CLANG_CXX_LANGUAGE_STANDARD = "gnu++20";
				CLANG_ENABLE_MODULES = YES;
				CLANG_ENABLE_OBJC_ARC = YES;
				CLANG_ENABLE_OBJC_WEAK = YES;
				CLANG_WARN_BLOCK_CAPTURE_AUTORELEASING = YES;
				CLANG_WARN_BOOL_CONVERSION = YES;
				CLANG_WARN_COMMA = YES;
				CLANG_WARN_CONSTANT_CONVERSION = YES;
				CLANG_WARN_DEPRECATED_OBJC_IMPLEMENTATIONS = YES;
				CLANG_WARN_DIRECT_OBJC_ISA_USAGE = YES_ERROR;
				CLANG_WARN_DOCUMENTATION_COMMENTS = YES;
				CLANG_WARN_EMPTY_BODY = YES;
				CLANG_WARN_ENUM_CONVERSION = YES;
				CLANG_WARN_INFINITE_RECURSION = YES;
				CLANG_WARN_INT_CONVERSION = YES;
				CLANG_WARN_NON_LITERAL_NULL_CONVERSION = YES;
				CLANG_WARN_OBJC_IMPLICIT_RETAIN_SELF = YES;
				CLANG_WARN_OBJC_LITERAL_CONVERSION = YES;
				CLANG_WARN_OBJC_ROOT_CLASS = YES_ERROR;
				CLANG_WARN_QUOTED_INCLUDE_IN_FRAMEWORK_HEADER = YES;
				CLANG_WARN_RANGE_LOOP_ANALYSIS = YES;
				CLANG_WARN_STRICT_PROTOTYPES = YES;
				CLANG_WARN_SUSPICIOUS_MOVE = YES;
				CLANG_WARN_UNGUARDED_AVAILABILITY = YES_AGGRESSIVE;
				CLANG_WARN_UNREACHABLE_CODE = YES;
				CLANG_WARN__DUPLICATE_METHOD_MATCH = YES;
				COPY_PHASE_STRIP = NO;
				DEBUG_INFORMATION_FORMAT = dwarf;
				ENABLE_STRICT_OBJC_MSGSEND = YES;
				ENABLE_TESTABILITY = YES;
				ENABLE_USER_SCRIPT_SANDBOXING = YES;
				GCC_C_LANGUAGE_STANDARD = gnu17;
				GCC_DYNAMIC_NO_PIC = NO;
				GCC_NO_COMMON_BLOCKS = YES;
				GCC_OPTIMIZATION_LEVEL = 0;
				GCC_PREPROCESSOR_DEFINITIONS = (
					"DEBUG=1",
					"$(inherited)",
				);
				GCC_WARN_64_TO_32_BIT_CONVERSION = YES;
				GCC_WARN_ABOUT_RETURN_TYPE = YES_ERROR;
				GCC_WARN_UNDECLARED_SELECTOR = YES;
				GCC_WARN_UNINITIALIZED_AUTOS = YES_AGGRESSIVE;
				GCC_WARN_UNUSED_FUNCTION = YES;
				GCC_WARN_UNUSED_VARIABLE = YES;
				IPHONEOS_DEPLOYMENT_TARGET = 18.0;
				LOCALIZATION_PREFERS_STRING_CATALOGS = YES;
				MTL_ENABLE_DEBUG_INFO = INCLUDE_SOURCE;
				MTL_FAST_MATH = YES;
				ONLY_ACTIVE_ARCH = YES;
				SDKROOT = iphoneos;
				SWIFT_ACTIVE_COMPILATION_CONDITIONS = "DEBUG $(inherited)";
				SWIFT_OPTIMIZATION_LEVEL = "-Onone";
			};
			name = Debug;
		};
		477AB45E2CE4CEFF00EEEC52 /* Release */ = {
			isa = XCBuildConfiguration;
			buildSettings = {
				ALWAYS_SEARCH_USER_PATHS = NO;
				ASSETCATALOG_COMPILER_GENERATE_SWIFT_ASSET_SYMBOL_EXTENSIONS = YES;
				CLANG_ANALYZER_NONNULL = YES;
				CLANG_ANALYZER_NUMBER_OBJECT_CONVERSION = YES_AGGRESSIVE;
				CLANG_CXX_LANGUAGE_STANDARD = "gnu++20";
				CLANG_ENABLE_MODULES = YES;
				CLANG_ENABLE_OBJC_ARC = YES;
				CLANG_ENABLE_OBJC_WEAK = YES;
				CLANG_WARN_BLOCK_CAPTURE_AUTORELEASING = YES;
				CLANG_WARN_BOOL_CONVERSION = YES;
				CLANG_WARN_COMMA = YES;
				CLANG_WARN_CONSTANT_CONVERSION = YES;
				CLANG_WARN_DEPRECATED_OBJC_IMPLEMENTATIONS = YES;
				CLANG_WARN_DIRECT_OBJC_ISA_USAGE = YES_ERROR;
				CLANG_WARN_DOCUMENTATION_COMMENTS = YES;
				CLANG_WARN_EMPTY_BODY = YES;
				CLANG_WARN_ENUM_CONVERSION = YES;
				CLANG_WARN_INFINITE_RECURSION = YES;
				CLANG_WARN_INT_CONVERSION = YES;
				CLANG_WARN_NON_LITERAL_NULL_CONVERSION = YES;
				CLANG_WARN_OBJC_IMPLICIT_RETAIN_SELF = YES;
				CLANG_WARN_OBJC_LITERAL_CONVERSION = YES;
				CLANG_WARN_OBJC_ROOT_CLASS = YES_ERROR;
				CLANG_WARN_QUOTED_INCLUDE_IN_FRAMEWORK_HEADER = YES;
				CLANG_WARN_RANGE_LOOP_ANALYSIS = YES;
				CLANG_WARN_STRICT_PROTOTYPES = YES;
				CLANG_WARN_SUSPICIOUS_MOVE = YES;
				CLANG_WARN_UNGUARDED_AVAILABILITY = YES_AGGRESSIVE;
				CLANG_WARN_UNREACHABLE_CODE = YES;
				CLANG_WARN__DUPLICATE_METHOD_MATCH = YES;
				COPY_PHASE_STRIP = NO;
				DEBUG_INFORMATION_FORMAT = "dwarf-with-dsym";
				ENABLE_NS_ASSERTIONS = NO;
				ENABLE_STRICT_OBJC_MSGSEND = YES;
				ENABLE_USER_SCRIPT_SANDBOXING = YES;
				GCC_C_LANGUAGE_STANDARD = gnu17;
				GCC_NO_COMMON_BLOCKS = YES;
				GCC_WARN_64_TO_32_BIT_CONVERSION = YES;
				GCC_WARN_ABOUT_RETURN_TYPE = YES_ERROR;
				GCC_WARN_UNDECLARED_SELECTOR = YES;
				GCC_WARN_UNINITIALIZED_AUTOS = YES_AGGRESSIVE;
				GCC_WARN_UNUSED_FUNCTION = YES;
				GCC_WARN_UNUSED_VARIABLE = YES;
				IPHONEOS_DEPLOYMENT_TARGET = 18.0;
				LOCALIZATION_PREFERS_STRING_CATALOGS = YES;
				MTL_ENABLE_DEBUG_INFO = NO;
				MTL_FAST_MATH = YES;
				SDKROOT = iphoneos;
				SWIFT_COMPILATION_MODE = wholemodule;
				VALIDATE_PRODUCT = YES;
			};
			name = Release;
		};
		477AB4602CE4CEFF00EEEC52 /* Debug */ = {
			isa = XCBuildConfiguration;
			buildSettings = {
				ASSETCATALOG_COMPILER_APPICON_NAME = AppIcon;
				ASSETCATALOG_COMPILER_GLOBAL_ACCENT_COLOR_NAME = AccentColor;
				CODE_SIGN_STYLE = Automatic;
				CURRENT_PROJECT_VERSION = 1;
				DEVELOPMENT_ASSET_PATHS = "\"HW3/Preview Content\"";
				ENABLE_PREVIEWS = YES;
				GENERATE_INFOPLIST_FILE = YES;
				INFOPLIST_FILE = HW3/Info.plist;
				INFOPLIST_KEY_UIApplicationSceneManifest_Generation = YES;
				INFOPLIST_KEY_UIApplicationSupportsIndirectInputEvents = YES;
				INFOPLIST_KEY_UILaunchScreen_Generation = YES;
				INFOPLIST_KEY_UISupportedInterfaceOrientations_iPad = "UIInterfaceOrientationPortrait UIInterfaceOrientationPortraitUpsideDown UIInterfaceOrientationLandscapeLeft UIInterfaceOrientationLandscapeRight";
				LD_RUNPATH_SEARCH_PATHS = (
					"$(inherited)",
					"@executable_path/Frameworks",
				);
				MARKETING_VERSION = 1.0;
				PRODUCT_BUNDLE_IDENTIFIER = xa.HW3;
				PRODUCT_NAME = "$(TARGET_NAME)";
				SWIFT_EMIT_LOC_STRINGS = YES;
				SWIFT_VERSION = 5.0;
				TARGETED_DEVICE_FAMILY = "1,2";
			};
			name = Debug;
		};
		477AB4612CE4CEFF00EEEC52 /* Release */ = {
			isa = XCBuildConfiguration;
			buildSettings = {
				ASSETCATALOG_COMPILER_APPICON_NAME = AppIcon;
				ASSETCATALOG_COMPILER_GLOBAL_ACCENT_COLOR_NAME = AccentColor;
				CODE_SIGN_STYLE = Automatic;
				CURRENT_PROJECT_VERSION = 1;
				DEVELOPMENT_ASSET_PATHS = "\"HW3/Preview Content\"";
				ENABLE_PREVIEWS = YES;
				GENERATE_INFOPLIST_FILE = YES;
				INFOPLIST_FILE = HW3/Info.plist;
				INFOPLIST_KEY_UIApplicationSceneManifest_Generation = YES;
				INFOPLIST_KEY_UIApplicationSupportsIndirectInputEvents = YES;
				INFOPLIST_KEY_UILaunchScreen_Generation = YES;
				INFOPLIST_KEY_UISupportedInterfaceOrientations_iPad = "UIInterfaceOrientationPortrait UIInterfaceOrientationPortraitUpsideDown UIInterfaceOrientationLandscapeLeft UIInterfaceOrientationLandscapeRight";
				LD_RUNPATH_SEARCH_PATHS = (
					"$(inherited)",
					"@executable_path/Frameworks",
				);
				MARKETING_VERSION = 1.0;
				PRODUCT_BUNDLE_IDENTIFIER = xa.HW3;
				PRODUCT_NAME = "$(TARGET_NAME)";
				SWIFT_EMIT_LOC_STRINGS = YES;
				SWIFT_VERSION = 5.0;
				TARGETED_DEVICE_FAMILY = "1,2";
			};
			name = Release;
		};
		477AB4632CE4CEFF00EEEC52 /* Debug */ = {
			isa = XCBuildConfiguration;
			buildSettings = {
				BUNDLE_LOADER = "$(TEST_HOST)";
				CODE_SIGN_STYLE = Automatic;
				CURRENT_PROJECT_VERSION = 1;
				GENERATE_INFOPLIST_FILE = YES;
				IPHONEOS_DEPLOYMENT_TARGET = 18.0;
				MARKETING_VERSION = 1.0;
				PRODUCT_BUNDLE_IDENTIFIER = xa.HW3Tests;
				PRODUCT_NAME = "$(TARGET_NAME)";
				SWIFT_EMIT_LOC_STRINGS = NO;
				SWIFT_VERSION = 5.0;
				TARGETED_DEVICE_FAMILY = "1,2";
				TEST_HOST = "$(BUILT_PRODUCTS_DIR)/HW3.app/$(BUNDLE_EXECUTABLE_FOLDER_PATH)/HW3";
			};
			name = Debug;
		};
		477AB4642CE4CEFF00EEEC52 /* Release */ = {
			isa = XCBuildConfiguration;
			buildSettings = {
				BUNDLE_LOADER = "$(TEST_HOST)";
				CODE_SIGN_STYLE = Automatic;
				CURRENT_PROJECT_VERSION = 1;
				GENERATE_INFOPLIST_FILE = YES;
				IPHONEOS_DEPLOYMENT_TARGET = 18.0;
				MARKETING_VERSION = 1.0;
				PRODUCT_BUNDLE_IDENTIFIER = xa.HW3Tests;
				PRODUCT_NAME = "$(TARGET_NAME)";
				SWIFT_EMIT_LOC_STRINGS = NO;
				SWIFT_VERSION = 5.0;
				TARGETED_DEVICE_FAMILY = "1,2";
				TEST_HOST = "$(BUILT_PRODUCTS_DIR)/HW3.app/$(BUNDLE_EXECUTABLE_FOLDER_PATH)/HW3";
			};
			name = Release;
		};
		477AB4662CE4CEFF00EEEC52 /* Debug */ = {
			isa = XCBuildConfiguration;
			buildSettings = {
				CODE_SIGN_STYLE = Automatic;
				CURRENT_PROJECT_VERSION = 1;
				GENERATE_INFOPLIST_FILE = YES;
				MARKETING_VERSION = 1.0;
				PRODUCT_BUNDLE_IDENTIFIER = xa.HW3UITests;
				PRODUCT_NAME = "$(TARGET_NAME)";
				SWIFT_EMIT_LOC_STRINGS = NO;
				SWIFT_VERSION = 5.0;
				TARGETED_DEVICE_FAMILY = "1,2";
				TEST_TARGET_NAME = HW3;
			};
			name = Debug;
		};
		477AB4672CE4CEFF00EEEC52 /* Release */ = {
			isa = XCBuildConfiguration;
			buildSettings = {
				CODE_SIGN_STYLE = Automatic;
				CURRENT_PROJECT_VERSION = 1;
				GENERATE_INFOPLIST_FILE = YES;
				MARKETING_VERSION = 1.0;
				PRODUCT_BUNDLE_IDENTIFIER = xa.HW3UITests;
				PRODUCT_NAME = "$(TARGET_NAME)";
				SWIFT_EMIT_LOC_STRINGS = NO;
				SWIFT_VERSION = 5.0;
				TARGETED_DEVICE_FAMILY = "1,2";
				TEST_TARGET_NAME = HW3;
			};
			name = Release;
		};
/* End XCBuildConfiguration section */

/* Begin XCConfigurationList section */
		477AB4362CE4CEFC00EEEC52 /* Build configuration list for PBXProject "HW3" */ = {
			isa = XCConfigurationList;
			buildConfigurations = (
				477AB45D2CE4CEFF00EEEC52 /* Debug */,
				477AB45E2CE4CEFF00EEEC52 /* Release */,
			);
			defaultConfigurationIsVisible = 0;
			defaultConfigurationName = Release;
		};
		477AB45F2CE4CEFF00EEEC52 /* Build configuration list for PBXNativeTarget "HW3" */ = {
			isa = XCConfigurationList;
			buildConfigurations = (
				477AB4602CE4CEFF00EEEC52 /* Debug */,
				477AB4612CE4CEFF00EEEC52 /* Release */,
			);
			defaultConfigurationIsVisible = 0;
			defaultConfigurationName = Release;
		};
		477AB4622CE4CEFF00EEEC52 /* Build configuration list for PBXNativeTarget "HW3Tests" */ = {
			isa = XCConfigurationList;
			buildConfigurations = (
				477AB4632CE4CEFF00EEEC52 /* Debug */,
				477AB4642CE4CEFF00EEEC52 /* Release */,
			);
			defaultConfigurationIsVisible = 0;
			defaultConfigurationName = Release;
		};
		477AB4652CE4CEFF00EEEC52 /* Build configuration list for PBXNativeTarget "HW3UITests" */ = {
			isa = XCConfigurationList;
			buildConfigurations = (
				477AB4662CE4CEFF00EEEC52 /* Debug */,
				477AB4672CE4CEFF00EEEC52 /* Release */,
			);
			defaultConfigurationIsVisible = 0;
			defaultConfigurationName = Release;
		};
/* End XCConfigurationList section */
	};
	rootObject = 477AB4332CE4CEFC00EEEC52 /* Project object */;
}
